lockfileVersion: '9.0'

settings:
  autoInstallPeers: true
  excludeLinksFromLockfile: false

importers:

  .:
    dependencies:
      typescript:
        specifier: ^5.7.2
        version: 5.7.2
    devDependencies:
      type-testing:
        specifier: ^0.2.0
        version: 0.2.0

packages:

  type-testing@0.2.0:
    resolution: {integrity: sha512-HAf4o9LjUAh9xEIXZTNm+ak2tjTgK64QhTlT/D8UNedII2/eagdEbtbaVK6920K7+QBrwfvxpjPGlfWVKZ+MZQ==}
    engines: {node: '>= 20.x'}

  typescript@5.7.2:
    resolution: {integrity: sha512-i5t66RHxDvVN40HfDd1PsEThGNnlMCMT3jMUuoh9/0TaqWevNontacunWyN02LA9/fIbEWlcHZcgTKb9QoaLfg==}
    engines: {node: '>=14.17'}
    hasBin: true

snapshots:

  type-testing@0.2.0: {}

  typescript@5.7.2: {}
